
Microsoft Visual Studio Solution File, Format Version 12.00
# Visual Studio Version 16
VisualStudioVersion = 16.0.29519.87
MinimumVisualStudioVersion = 10.0.40219.1
Project("{FAE04EC0-301F-11D3-BF4B-00C04F79EFBC}") = "aula1", "aula1\aula1.csproj", "{D6EAD097-C1C4-470D-929F-B46DA66169D7}"
EndProject
Global
	GlobalSection(SolutionConfigurationPlatforms) = preSolution
		Debug|Any CPU = Debug|Any CPU
		Release|Any CPU = Release|Any CPU
	EndGlobalSection
	GlobalSection(ProjectConfigurationPlatforms) = postSolution
		{D6EAD097-C1C4-470D-929F-B46DA66169D7}.Debug|Any CPU.ActiveCfg = Debug|Any CPU
		{D6EAD097-C1C4-470D-929F-B46DA66169D7}.Debug|Any CPU.Build.0 = Debug|Any CPU
		{D6EAD097-C1C4-470D-929F-B46DA66169D7}.Release|Any CPU.ActiveCfg = Release|Any CPU
		{D6EAD097-C1C4-470D-929F-B46DA66169D7}.Release|Any CPU.Build.0 = Release|Any CPU
	EndGlobalSection
	GlobalSection(SolutionProperties) = preSolution
		HideSolutionNode = FALSE
	EndGlobalSection
	GlobalSection(ExtensibilityGlobals) = postSolution
		SolutionGuid = {51C7D93D-D410-4457-A2BE-56443D4F0C8D}
	EndGlobalSection
EndGlobal
